
Microsoft Visual Studio Solution File, Format Version 12.00
# Visual Studio Version 17
VisualStudioVersion = 17.13.35806.99 d17.13
MinimumVisualStudioVersion = 10.0.40219.1
Project("{FAE04EC0-301F-11D3-BF4B-00C04F79EFBC}") = "basit_hesap_makinesi", "basit_hesap_makinesi\basit_hesap_makinesi.csproj", "{7DE1EA96-EA49-418D-8D05-10E1665DB3C3}"
EndProject
Global
	GlobalSection(SolutionConfigurationPlatforms) = preSolution
		Debug|Any CPU = Debug|Any CPU
		Release|Any CPU = Release|Any CPU
	EndGlobalSection
	GlobalSection(ProjectConfigurationPlatforms) = postSolution
		{7DE1EA96-EA49-418D-8D05-10E1665DB3C3}.Debug|Any CPU.ActiveCfg = Debug|Any CPU
		{7DE1EA96-EA49-418D-8D05-10E1665DB3C3}.Debug|Any CPU.Build.0 = Debug|Any CPU
		{7DE1EA96-EA49-418D-8D05-10E1665DB3C3}.Release|Any CPU.ActiveCfg = Release|Any CPU
		{7DE1EA96-EA49-418D-8D05-10E1665DB3C3}.Release|Any CPU.Build.0 = Release|Any CPU
	EndGlobalSection
	GlobalSection(SolutionProperties) = preSolution
		HideSolutionNode = FALSE
	EndGlobalSection
	GlobalSection(ExtensibilityGlobals) = postSolution
		SolutionGuid = {CD0F07FE-0FCE-4A04-9C53-05CB9D801772}
	EndGlobalSection
EndGlobal
